{
    "version": 3,
    "terraform_version": "0.7.13",
    "serial": 6,
    "lineage": "7b692a7f-da90-4df8-96ea-f17b09120a22",
    "modules": [
        {
            "path": [
                "root"
            ],
            "outputs": {},
            "resources": {
                "aws_instance.devopsae": {
                    "type": "aws_instance",
                    "depends_on": [
                        "aws_key_pair.auth",
                        "module.nginx_sg",
                        "module.ssh_sg",
                        "module.vpc_subnets"
                    ],
                    "primary": {
                        "id": "i-1076aed0",
                        "attributes": {
                            "ami": "ami-ac772edf",
                            "associate_public_ip_address": "true",
                            "availability_zone": "eu-west-1a",
                            "disable_api_termination": "false",
                            "ebs_block_device.#": "0",
                            "ebs_optimized": "false",
                            "ephemeral_block_device.#": "0",
                            "iam_instance_profile": "",
                            "id": "i-1076aed0",
                            "instance_state": "running",
                            "instance_type": "t2.micro",
                            "key_name": "devopskyes",
                            "monitoring": "false",
                            "network_interface_id": "eni-82e51acc",
                            "private_dns": "ip-172-16-10-20.eu-west-1.compute.internal",
                            "private_ip": "172.16.10.20",
                            "public_dns": "ec2-52-213-161-172.eu-west-1.compute.amazonaws.com",
                            "public_ip": "52.213.161.172",
                            "root_block_device.#": "1",
                            "root_block_device.0.delete_on_termination": "true",
                            "root_block_device.0.iops": "0",
                            "root_block_device.0.volume_size": "8",
                            "root_block_device.0.volume_type": "standard",
                            "security_groups.#": "0",
                            "source_dest_check": "true",
                            "subnet_id": "subnet-8aadfbfc",
                            "tags.%": "1",
                            "tags.Name": "devopsae-0",
                            "tenancy": "default",
                            "vpc_security_group_ids.#": "2",
                            "vpc_security_group_ids.3179661273": "sg-734bc515",
                            "vpc_security_group_ids.358911230": "sg-704bc516"
                        },
                        "meta": {
                            "schema_version": "1"
                        },
                        "tainted": false
                    },
                    "deposed": [],
                    "provider": ""
                },
                "aws_key_pair.auth": {
                    "type": "aws_key_pair",
                    "depends_on": [],
                    "primary": {
                        "id": "devopskyes",
                        "attributes": {
                            "id": "devopskyes",
                            "key_name": "devopskyes",
                            "public_key": "ssh-rsa AAAAB3NzaC1yc2EAAAADAQABAAABAQDKOeCPm/50hSJ/FGQSVOcCTY4Pb4bdkHaVPCW9/R7VGoN+NYg39w7WD9etspFtFMgwgajX3JvsBF72NJJ3GgrSHuiIeglQ8T1Ho879iWTUtw73Z9bOu5dXzcczRBRNLhI+pKR9MaLNSnerkfd2bLlTd+S/vRVEis0WKZOCtSFuCVmuX9uX9zrKSnJXzlHYkoBLXsVwUeGdjByyFZ3IPQi6hkeiGtlIz+at/mtN4APlq6OCWExgU+8pTVp8HbdLuSWnjcGTJNHZr1OqPI9aGPnVJ+XuXcCqbhXCaQ2C9AhwekbNlzHWNAol07uRGqo7UN+mAcwIM5wB22Mow248jooZ root@localhost.localdomain"
                        },
                        "meta": {
                            "schema_version": "1"
                        },
                        "tainted": false
                    },
                    "deposed": [],
                    "provider": ""
                }
            },
            "depends_on": []
        },
        {
            "path": [
                "root",
                "nginx_sg"
            ],
            "outputs": {
                "nginx_sg_id": {
                    "sensitive": false,
                    "type": "string",
                    "value": "sg-704bc516"
                }
            },
            "resources": {
                "aws_security_group.nginx_sg": {
                    "type": "aws_security_group",
                    "depends_on": [],
                    "primary": {
                        "id": "sg-704bc516",
                        "attributes": {
                            "description": "Security Group wordpress-nginx-sg-test",
                            "egress.#": "1",
                            "egress.482069346.cidr_blocks.#": "1",
                            "egress.482069346.cidr_blocks.0": "0.0.0.0/0",
                            "egress.482069346.from_port": "0",
                            "egress.482069346.prefix_list_ids.#": "0",
                            "egress.482069346.protocol": "-1",
                            "egress.482069346.security_groups.#": "0",
                            "egress.482069346.self": "false",
                            "egress.482069346.to_port": "0",
                            "id": "sg-704bc516",
                            "ingress.#": "3",
                            "ingress.2214680975.cidr_blocks.#": "1",
                            "ingress.2214680975.cidr_blocks.0": "0.0.0.0/0",
                            "ingress.2214680975.from_port": "80",
                            "ingress.2214680975.protocol": "tcp",
                            "ingress.2214680975.security_groups.#": "0",
                            "ingress.2214680975.self": "false",
                            "ingress.2214680975.to_port": "80",
                            "ingress.2617001939.cidr_blocks.#": "1",
                            "ingress.2617001939.cidr_blocks.0": "0.0.0.0/0",
                            "ingress.2617001939.from_port": "443",
                            "ingress.2617001939.protocol": "tcp",
                            "ingress.2617001939.security_groups.#": "0",
                            "ingress.2617001939.self": "false",
                            "ingress.2617001939.to_port": "443",
                            "ingress.753360330.cidr_blocks.#": "0",
                            "ingress.753360330.from_port": "0",
                            "ingress.753360330.protocol": "-1",
                            "ingress.753360330.security_groups.#": "0",
                            "ingress.753360330.self": "true",
                            "ingress.753360330.to_port": "0",
                            "name": "wordpress-nginx-sg-test-nginx",
                            "owner_id": "893506469407",
                            "tags.%": "2",
                            "tags.Name": "wordpress-nginx-sg-test-web",
                            "tags.environment": "test",
                            "vpc_id": "vpc-ea6e2f8e"
                        },
                        "meta": {},
                        "tainted": false
                    },
                    "deposed": [],
                    "provider": ""
                }
            },
            "depends_on": []
        },
        {
            "path": [
                "root",
                "ssh_sg"
            ],
            "outputs": {
                "ssh_sg_id": {
                    "sensitive": false,
                    "type": "string",
                    "value": "sg-734bc515"
                }
            },
            "resources": {
                "aws_security_group.ssh_sg": {
                    "type": "aws_security_group",
                    "depends_on": [],
                    "primary": {
                        "id": "sg-734bc515",
                        "attributes": {
                            "description": "Security Group wordpress-test",
                            "egress.#": "1",
                            "egress.482069346.cidr_blocks.#": "1",
                            "egress.482069346.cidr_blocks.0": "0.0.0.0/0",
                            "egress.482069346.from_port": "0",
                            "egress.482069346.prefix_list_ids.#": "0",
                            "egress.482069346.protocol": "-1",
                            "egress.482069346.security_groups.#": "0",
                            "egress.482069346.self": "false",
                            "egress.482069346.to_port": "0",
                            "id": "sg-734bc515",
                            "ingress.#": "2",
                            "ingress.2541437006.cidr_blocks.#": "1",
                            "ingress.2541437006.cidr_blocks.0": "0.0.0.0/0",
                            "ingress.2541437006.from_port": "22",
                            "ingress.2541437006.protocol": "tcp",
                            "ingress.2541437006.security_groups.#": "0",
                            "ingress.2541437006.self": "false",
                            "ingress.2541437006.to_port": "22",
                            "ingress.753360330.cidr_blocks.#": "0",
                            "ingress.753360330.from_port": "0",
                            "ingress.753360330.protocol": "-1",
                            "ingress.753360330.security_groups.#": "0",
                            "ingress.753360330.self": "true",
                            "ingress.753360330.to_port": "0",
                            "name": "wordpress-test-ssh",
                            "owner_id": "893506469407",
                            "tags.%": "2",
                            "tags.Name": "wordpress-test-ssh",
                            "tags.environment": "test",
                            "vpc_id": "vpc-ea6e2f8e"
                        },
                        "meta": {},
                        "tainted": false
                    },
                    "deposed": [],
                    "provider": ""
                }
            },
            "depends_on": []
        },
        {
            "path": [
                "root",
                "vpc_subnets"
            ],
            "outputs": {
                "private_subnets_id": {
                    "sensitive": false,
                    "type": "string",
                    "value": "subnet-8dadfbfb"
                },
                "public_subnets_id": {
                    "sensitive": false,
                    "type": "string",
                    "value": "subnet-8aadfbfc"
                },
                "vpc_id": {
                    "sensitive": false,
                    "type": "string",
                    "value": "vpc-ea6e2f8e"
                }
            },
            "resources": {
                "aws_internet_gateway.igw": {
                    "type": "aws_internet_gateway",
                    "depends_on": [
                        "aws_vpc.vpc"
                    ],
                    "primary": {
                        "id": "igw-c724e3a3",
                        "attributes": {
                            "id": "igw-c724e3a3",
                            "tags.%": "1",
                            "tags.Name": "wordpress-test-igw",
                            "vpc_id": "vpc-ea6e2f8e"
                        },
                        "meta": {},
                        "tainted": false
                    },
                    "deposed": [],
                    "provider": ""
                },
                "aws_route_table.private": {
                    "type": "aws_route_table",
                    "depends_on": [
                        "aws_vpc.vpc"
                    ],
                    "primary": {
                        "id": "rtb-c7ebfca3",
                        "attributes": {
                            "id": "rtb-c7ebfca3",
                            "propagating_vgws.#": "0",
                            "route.#": "0",
                            "tags.%": "1",
                            "tags.Name": "wordpress-private",
                            "vpc_id": "vpc-ea6e2f8e"
                        },
                        "meta": {},
                        "tainted": false
                    },
                    "deposed": [],
                    "provider": ""
                },
                "aws_route_table.public": {
                    "type": "aws_route_table",
                    "depends_on": [
                        "aws_internet_gateway.igw",
                        "aws_vpc.vpc"
                    ],
                    "primary": {
                        "id": "rtb-c3ebfca7",
                        "attributes": {
                            "id": "rtb-c3ebfca7",
                            "propagating_vgws.#": "0",
                            "route.#": "1",
                            "route.2005561426.cidr_block": "0.0.0.0/0",
                            "route.2005561426.gateway_id": "igw-c724e3a3",
                            "route.2005561426.instance_id": "",
                            "route.2005561426.nat_gateway_id": "",
                            "route.2005561426.network_interface_id": "",
                            "route.2005561426.vpc_peering_connection_id": "",
                            "tags.%": "1",
                            "tags.Name": "wordpress-public",
                            "vpc_id": "vpc-ea6e2f8e"
                        },
                        "meta": {},
                        "tainted": false
                    },
                    "deposed": [],
                    "provider": ""
                },
                "aws_route_table_association.private": {
                    "type": "aws_route_table_association",
                    "depends_on": [
                        "aws_route_table.private",
                        "aws_subnet.private"
                    ],
                    "primary": {
                        "id": "rtbassoc-18acd57f",
                        "attributes": {
                            "id": "rtbassoc-18acd57f",
                            "route_table_id": "rtb-c7ebfca3",
                            "subnet_id": "subnet-8dadfbfb"
                        },
                        "meta": {},
                        "tainted": false
                    },
                    "deposed": [],
                    "provider": ""
                },
                "aws_route_table_association.public": {
                    "type": "aws_route_table_association",
                    "depends_on": [
                        "aws_route_table.public",
                        "aws_subnet.public"
                    ],
                    "primary": {
                        "id": "rtbassoc-eeacd589",
                        "attributes": {
                            "id": "rtbassoc-eeacd589",
                            "route_table_id": "rtb-c3ebfca7",
                            "subnet_id": "subnet-8aadfbfc"
                        },
                        "meta": {},
                        "tainted": false
                    },
                    "deposed": [],
                    "provider": ""
                },
                "aws_subnet.private": {
                    "type": "aws_subnet",
                    "depends_on": [
                        "aws_vpc.vpc"
                    ],
                    "primary": {
                        "id": "subnet-8dadfbfb",
                        "attributes": {
                            "availability_zone": "eu-west-1a",
                            "cidr_block": "172.16.20.0/24",
                            "id": "subnet-8dadfbfb",
                            "map_public_ip_on_launch": "false",
                            "tags.%": "1",
                            "tags.Name": "wordpress-test-private-eu-west-1a",
                            "vpc_id": "vpc-ea6e2f8e"
                        },
                        "meta": {},
                        "tainted": false
                    },
                    "deposed": [],
                    "provider": ""
                },
                "aws_subnet.public": {
                    "type": "aws_subnet",
                    "depends_on": [
                        "aws_vpc.vpc"
                    ],
                    "primary": {
                        "id": "subnet-8aadfbfc",
                        "attributes": {
                            "availability_zone": "eu-west-1a",
                            "cidr_block": "172.16.10.0/24",
                            "id": "subnet-8aadfbfc",
                            "map_public_ip_on_launch": "true",
                            "tags.%": "1",
                            "tags.Name": "wordpress-test-public-eu-west-1a",
                            "vpc_id": "vpc-ea6e2f8e"
                        },
                        "meta": {},
                        "tainted": false
                    },
                    "deposed": [],
                    "provider": ""
                },
                "aws_vpc.vpc": {
                    "type": "aws_vpc",
                    "depends_on": [],
                    "primary": {
                        "id": "vpc-ea6e2f8e",
                        "attributes": {
                            "cidr_block": "172.16.0.0/16",
                            "default_network_acl_id": "acl-a786bec3",
                            "default_route_table_id": "rtb-f2ebfc96",
                            "default_security_group_id": "sg-984ac4fe",
                            "dhcp_options_id": "dopt-7b23ee1f",
                            "enable_classiclink": "false",
                            "enable_dns_hostnames": "true",
                            "enable_dns_support": "true",
                            "id": "vpc-ea6e2f8e",
                            "instance_tenancy": "default",
                            "main_route_table_id": "rtb-f2ebfc96",
                            "tags.%": "2",
                            "tags.Name": "wordpress-test-vpc",
                            "tags.environment": "test"
                        },
                        "meta": {},
                        "tainted": false
                    },
                    "deposed": [],
                    "provider": ""
                }
            },
            "depends_on": []
        }
    ]
}
