{
    "version": 3,
    "terraform_version": "0.7.13",
    "serial": 12,
    "lineage": "7b692a7f-da90-4df8-96ea-f17b09120a22",
    "modules": [
        {
            "path": [
                "root"
            ],
            "outputs": {},
            "resources": {
                "aws_elb.devopsae": {
                    "type": "aws_elb",
                    "depends_on": [
                        "aws_instance.devopsae",
                        "aws_security_group.elb",
                        "module.vpc_subnets"
                    ],
                    "primary": {
                        "id": "elb",
                        "attributes": {
                            "access_logs.#": "0",
                            "availability_zones.#": "1",
                            "availability_zones.3953592328": "eu-west-1a",
                            "connection_draining": "false",
                            "connection_draining_timeout": "300",
                            "cross_zone_load_balancing": "true",
                            "dns_name": "elb-1497182781.eu-west-1.elb.amazonaws.com",
                            "health_check.#": "1",
                            "health_check.0.healthy_threshold": "10",
                            "health_check.0.interval": "30",
                            "health_check.0.target": "TCP:80",
                            "health_check.0.timeout": "5",
                            "health_check.0.unhealthy_threshold": "2",
                            "id": "elb",
                            "idle_timeout": "60",
                            "instances.#": "2",
                            "instances.3696627944": "i-ecb06b2c",
                            "instances.4118502498": "i-9db16a5d",
                            "internal": "false",
                            "listener.#": "1",
                            "listener.3057123346.instance_port": "80",
                            "listener.3057123346.instance_protocol": "http",
                            "listener.3057123346.lb_port": "80",
                            "listener.3057123346.lb_protocol": "http",
                            "listener.3057123346.ssl_certificate_id": "",
                            "name": "elb",
                            "security_groups.#": "1",
                            "security_groups.125218760": "sg-ce038da8",
                            "source_security_group": "893506469407/elb_for_wordpress",
                            "source_security_group_id": "sg-ce038da8",
                            "subnets.#": "1",
                            "subnets.2821466289": "subnet-c9cc9abf",
                            "tags.%": "0",
                            "zone_id": "Z32O12XQLNTSW2"
                        },
                        "meta": {},
                        "tainted": false
                    },
                    "deposed": [],
                    "provider": ""
                },
                "aws_instance.devopsae.0": {
                    "type": "aws_instance",
                    "depends_on": [
                        "aws_key_pair.auth",
                        "module.nginx_sg",
                        "module.ssh_sg",
                        "module.vpc_subnets"
                    ],
                    "primary": {
                        "id": "i-9db16a5d",
                        "attributes": {
                            "ami": "ami-ac772edf",
                            "associate_public_ip_address": "true",
                            "availability_zone": "eu-west-1a",
                            "disable_api_termination": "false",
                            "ebs_block_device.#": "0",
                            "ebs_optimized": "false",
                            "ephemeral_block_device.#": "0",
                            "iam_instance_profile": "",
                            "id": "i-9db16a5d",
                            "instance_state": "running",
                            "instance_type": "t2.micro",
                            "key_name": "devopskyes",
                            "monitoring": "false",
                            "network_interface_id": "eni-69cf3127",
                            "private_dns": "ip-172-16-10-231.eu-west-1.compute.internal",
                            "private_ip": "172.16.10.231",
                            "public_dns": "ec2-52-50-50-218.eu-west-1.compute.amazonaws.com",
                            "public_ip": "52.50.50.218",
                            "root_block_device.#": "1",
                            "root_block_device.0.delete_on_termination": "true",
                            "root_block_device.0.iops": "0",
                            "root_block_device.0.volume_size": "8",
                            "root_block_device.0.volume_type": "standard",
                            "security_groups.#": "0",
                            "source_dest_check": "true",
                            "subnet_id": "subnet-c9cc9abf",
                            "tags.%": "1",
                            "tags.Name": "devopsae-0",
                            "tenancy": "default",
                            "vpc_security_group_ids.#": "2",
                            "vpc_security_group_ids.1079214077": "sg-c1038da7",
                            "vpc_security_group_ids.2435007711": "sg-c0038da6"
                        },
                        "meta": {
                            "schema_version": "1"
                        },
                        "tainted": false
                    },
                    "deposed": [],
                    "provider": ""
                },
                "aws_instance.devopsae.1": {
                    "type": "aws_instance",
                    "depends_on": [
                        "aws_key_pair.auth",
                        "module.nginx_sg",
                        "module.ssh_sg",
                        "module.vpc_subnets"
                    ],
                    "primary": {
                        "id": "i-ecb06b2c",
                        "attributes": {
                            "ami": "ami-ac772edf",
                            "associate_public_ip_address": "true",
                            "availability_zone": "eu-west-1a",
                            "disable_api_termination": "false",
                            "ebs_block_device.#": "0",
                            "ebs_optimized": "false",
                            "ephemeral_block_device.#": "0",
                            "iam_instance_profile": "",
                            "id": "i-ecb06b2c",
                            "instance_state": "running",
                            "instance_type": "t2.micro",
                            "key_name": "devopskyes",
                            "monitoring": "false",
                            "network_interface_id": "eni-51d52b1f",
                            "private_dns": "ip-172-16-10-216.eu-west-1.compute.internal",
                            "private_ip": "172.16.10.216",
                            "public_dns": "ec2-52-209-107-197.eu-west-1.compute.amazonaws.com",
                            "public_ip": "52.209.107.197",
                            "root_block_device.#": "1",
                            "root_block_device.0.delete_on_termination": "true",
                            "root_block_device.0.iops": "0",
                            "root_block_device.0.volume_size": "8",
                            "root_block_device.0.volume_type": "standard",
                            "security_groups.#": "0",
                            "source_dest_check": "true",
                            "subnet_id": "subnet-c9cc9abf",
                            "tags.%": "1",
                            "tags.Name": "devopsae-1",
                            "tenancy": "default",
                            "vpc_security_group_ids.#": "2",
                            "vpc_security_group_ids.1079214077": "sg-c1038da7",
                            "vpc_security_group_ids.2435007711": "sg-c0038da6"
                        },
                        "meta": {
                            "schema_version": "1"
                        },
                        "tainted": false
                    },
                    "deposed": [],
                    "provider": ""
                },
                "aws_key_pair.auth": {
                    "type": "aws_key_pair",
                    "depends_on": [],
                    "primary": {
                        "id": "devopskyes",
                        "attributes": {
                            "id": "devopskyes",
                            "key_name": "devopskyes",
                            "public_key": "ssh-rsa AAAAB3NzaC1yc2EAAAADAQABAAABAQDKOeCPm/50hSJ/FGQSVOcCTY4Pb4bdkHaVPCW9/R7VGoN+NYg39w7WD9etspFtFMgwgajX3JvsBF72NJJ3GgrSHuiIeglQ8T1Ho879iWTUtw73Z9bOu5dXzcczRBRNLhI+pKR9MaLNSnerkfd2bLlTd+S/vRVEis0WKZOCtSFuCVmuX9uX9zrKSnJXzlHYkoBLXsVwUeGdjByyFZ3IPQi6hkeiGtlIz+at/mtN4APlq6OCWExgU+8pTVp8HbdLuSWnjcGTJNHZr1OqPI9aGPnVJ+XuXcCqbhXCaQ2C9AhwekbNlzHWNAol07uRGqo7UN+mAcwIM5wB22Mow248jooZ root@localhost.localdomain"
                        },
                        "meta": {
                            "schema_version": "1"
                        },
                        "tainted": false
                    },
                    "deposed": [],
                    "provider": ""
                },
                "aws_security_group.elb": {
                    "type": "aws_security_group",
                    "depends_on": [
                        "module.vpc_subnets"
                    ],
                    "primary": {
                        "id": "sg-ce038da8",
                        "attributes": {
                            "description": "Wordpress Cluster ELB",
                            "egress.#": "1",
                            "egress.482069346.cidr_blocks.#": "1",
                            "egress.482069346.cidr_blocks.0": "0.0.0.0/0",
                            "egress.482069346.from_port": "0",
                            "egress.482069346.prefix_list_ids.#": "0",
                            "egress.482069346.protocol": "-1",
                            "egress.482069346.security_groups.#": "0",
                            "egress.482069346.self": "false",
                            "egress.482069346.to_port": "0",
                            "id": "sg-ce038da8",
                            "ingress.#": "1",
                            "ingress.2214680975.cidr_blocks.#": "1",
                            "ingress.2214680975.cidr_blocks.0": "0.0.0.0/0",
                            "ingress.2214680975.from_port": "80",
                            "ingress.2214680975.protocol": "tcp",
                            "ingress.2214680975.security_groups.#": "0",
                            "ingress.2214680975.self": "false",
                            "ingress.2214680975.to_port": "80",
                            "name": "elb_for_wordpress",
                            "owner_id": "893506469407",
                            "tags.%": "0",
                            "vpc_id": "vpc-988ecffc"
                        },
                        "meta": {},
                        "tainted": false
                    },
                    "deposed": [],
                    "provider": ""
                }
            },
            "depends_on": []
        },
        {
            "path": [
                "root",
                "nginx_sg"
            ],
            "outputs": {
                "nginx_sg_id": {
                    "sensitive": false,
                    "type": "string",
                    "value": "sg-c0038da6"
                }
            },
            "resources": {
                "aws_security_group.nginx_sg": {
                    "type": "aws_security_group",
                    "depends_on": [],
                    "primary": {
                        "id": "sg-c0038da6",
                        "attributes": {
                            "description": "Security Group wordpress-nginx-sg-test",
                            "egress.#": "1",
                            "egress.482069346.cidr_blocks.#": "1",
                            "egress.482069346.cidr_blocks.0": "0.0.0.0/0",
                            "egress.482069346.from_port": "0",
                            "egress.482069346.prefix_list_ids.#": "0",
                            "egress.482069346.protocol": "-1",
                            "egress.482069346.security_groups.#": "0",
                            "egress.482069346.self": "false",
                            "egress.482069346.to_port": "0",
                            "id": "sg-c0038da6",
                            "ingress.#": "3",
                            "ingress.2214680975.cidr_blocks.#": "1",
                            "ingress.2214680975.cidr_blocks.0": "0.0.0.0/0",
                            "ingress.2214680975.from_port": "80",
                            "ingress.2214680975.protocol": "tcp",
                            "ingress.2214680975.security_groups.#": "0",
                            "ingress.2214680975.self": "false",
                            "ingress.2214680975.to_port": "80",
                            "ingress.2617001939.cidr_blocks.#": "1",
                            "ingress.2617001939.cidr_blocks.0": "0.0.0.0/0",
                            "ingress.2617001939.from_port": "443",
                            "ingress.2617001939.protocol": "tcp",
                            "ingress.2617001939.security_groups.#": "0",
                            "ingress.2617001939.self": "false",
                            "ingress.2617001939.to_port": "443",
                            "ingress.753360330.cidr_blocks.#": "0",
                            "ingress.753360330.from_port": "0",
                            "ingress.753360330.protocol": "-1",
                            "ingress.753360330.security_groups.#": "0",
                            "ingress.753360330.self": "true",
                            "ingress.753360330.to_port": "0",
                            "name": "wordpress-nginx-sg-test-nginx",
                            "owner_id": "893506469407",
                            "tags.%": "2",
                            "tags.Name": "wordpress-nginx-sg-test-web",
                            "tags.environment": "test",
                            "vpc_id": "vpc-988ecffc"
                        },
                        "meta": {},
                        "tainted": false
                    },
                    "deposed": [],
                    "provider": ""
                }
            },
            "depends_on": []
        },
        {
            "path": [
                "root",
                "ssh_sg"
            ],
            "outputs": {
                "ssh_sg_id": {
                    "sensitive": false,
                    "type": "string",
                    "value": "sg-c1038da7"
                }
            },
            "resources": {
                "aws_security_group.ssh_sg": {
                    "type": "aws_security_group",
                    "depends_on": [],
                    "primary": {
                        "id": "sg-c1038da7",
                        "attributes": {
                            "description": "Security Group wordpress-production",
                            "egress.#": "1",
                            "egress.482069346.cidr_blocks.#": "1",
                            "egress.482069346.cidr_blocks.0": "0.0.0.0/0",
                            "egress.482069346.from_port": "0",
                            "egress.482069346.prefix_list_ids.#": "0",
                            "egress.482069346.protocol": "-1",
                            "egress.482069346.security_groups.#": "0",
                            "egress.482069346.self": "false",
                            "egress.482069346.to_port": "0",
                            "id": "sg-c1038da7",
                            "ingress.#": "2",
                            "ingress.2541437006.cidr_blocks.#": "1",
                            "ingress.2541437006.cidr_blocks.0": "0.0.0.0/0",
                            "ingress.2541437006.from_port": "22",
                            "ingress.2541437006.protocol": "tcp",
                            "ingress.2541437006.security_groups.#": "0",
                            "ingress.2541437006.self": "false",
                            "ingress.2541437006.to_port": "22",
                            "ingress.753360330.cidr_blocks.#": "0",
                            "ingress.753360330.from_port": "0",
                            "ingress.753360330.protocol": "-1",
                            "ingress.753360330.security_groups.#": "0",
                            "ingress.753360330.self": "true",
                            "ingress.753360330.to_port": "0",
                            "name": "wordpress-production-ssh",
                            "owner_id": "893506469407",
                            "tags.%": "2",
                            "tags.Name": "wordpress-production-ssh",
                            "tags.environment": "production",
                            "vpc_id": "vpc-988ecffc"
                        },
                        "meta": {},
                        "tainted": false
                    },
                    "deposed": [],
                    "provider": ""
                }
            },
            "depends_on": []
        },
        {
            "path": [
                "root",
                "vpc_subnets"
            ],
            "outputs": {
                "private_subnets_id": {
                    "sensitive": false,
                    "type": "string",
                    "value": "subnet-c8cc9abe"
                },
                "public_subnets_id": {
                    "sensitive": false,
                    "type": "string",
                    "value": "subnet-c9cc9abf"
                },
                "vpc_id": {
                    "sensitive": false,
                    "type": "string",
                    "value": "vpc-988ecffc"
                }
            },
            "resources": {
                "aws_internet_gateway.igw": {
                    "type": "aws_internet_gateway",
                    "depends_on": [
                        "aws_vpc.vpc"
                    ],
                    "primary": {
                        "id": "igw-2b3bfc4f",
                        "attributes": {
                            "id": "igw-2b3bfc4f",
                            "tags.%": "1",
                            "tags.Name": "wordpress-production-igw",
                            "vpc_id": "vpc-988ecffc"
                        },
                        "meta": {},
                        "tainted": false
                    },
                    "deposed": [],
                    "provider": ""
                },
                "aws_route_table.private": {
                    "type": "aws_route_table",
                    "depends_on": [
                        "aws_vpc.vpc"
                    ],
                    "primary": {
                        "id": "rtb-16b3a472",
                        "attributes": {
                            "id": "rtb-16b3a472",
                            "propagating_vgws.#": "0",
                            "route.#": "0",
                            "tags.%": "1",
                            "tags.Name": "wordpress-private",
                            "vpc_id": "vpc-988ecffc"
                        },
                        "meta": {},
                        "tainted": false
                    },
                    "deposed": [],
                    "provider": ""
                },
                "aws_route_table.public": {
                    "type": "aws_route_table",
                    "depends_on": [
                        "aws_internet_gateway.igw",
                        "aws_vpc.vpc"
                    ],
                    "primary": {
                        "id": "rtb-10b3a474",
                        "attributes": {
                            "id": "rtb-10b3a474",
                            "propagating_vgws.#": "0",
                            "route.#": "1",
                            "route.869206562.cidr_block": "0.0.0.0/0",
                            "route.869206562.gateway_id": "igw-2b3bfc4f",
                            "route.869206562.instance_id": "",
                            "route.869206562.nat_gateway_id": "",
                            "route.869206562.network_interface_id": "",
                            "route.869206562.vpc_peering_connection_id": "",
                            "tags.%": "1",
                            "tags.Name": "wordpress-public",
                            "vpc_id": "vpc-988ecffc"
                        },
                        "meta": {},
                        "tainted": false
                    },
                    "deposed": [],
                    "provider": ""
                },
                "aws_route_table_association.private": {
                    "type": "aws_route_table_association",
                    "depends_on": [
                        "aws_route_table.private",
                        "aws_subnet.private"
                    ],
                    "primary": {
                        "id": "rtbassoc-2ef48d49",
                        "attributes": {
                            "id": "rtbassoc-2ef48d49",
                            "route_table_id": "rtb-16b3a472",
                            "subnet_id": "subnet-c8cc9abe"
                        },
                        "meta": {},
                        "tainted": false
                    },
                    "deposed": [],
                    "provider": ""
                },
                "aws_route_table_association.public": {
                    "type": "aws_route_table_association",
                    "depends_on": [
                        "aws_route_table.public",
                        "aws_subnet.public"
                    ],
                    "primary": {
                        "id": "rtbassoc-04f48d63",
                        "attributes": {
                            "id": "rtbassoc-04f48d63",
                            "route_table_id": "rtb-10b3a474",
                            "subnet_id": "subnet-c9cc9abf"
                        },
                        "meta": {},
                        "tainted": false
                    },
                    "deposed": [],
                    "provider": ""
                },
                "aws_subnet.private": {
                    "type": "aws_subnet",
                    "depends_on": [
                        "aws_vpc.vpc"
                    ],
                    "primary": {
                        "id": "subnet-c8cc9abe",
                        "attributes": {
                            "availability_zone": "eu-west-1a",
                            "cidr_block": "172.16.20.0/24",
                            "id": "subnet-c8cc9abe",
                            "map_public_ip_on_launch": "false",
                            "tags.%": "1",
                            "tags.Name": "wordpress-production-private-eu-west-1a",
                            "vpc_id": "vpc-988ecffc"
                        },
                        "meta": {},
                        "tainted": false
                    },
                    "deposed": [],
                    "provider": ""
                },
                "aws_subnet.public": {
                    "type": "aws_subnet",
                    "depends_on": [
                        "aws_vpc.vpc"
                    ],
                    "primary": {
                        "id": "subnet-c9cc9abf",
                        "attributes": {
                            "availability_zone": "eu-west-1a",
                            "cidr_block": "172.16.10.0/24",
                            "id": "subnet-c9cc9abf",
                            "map_public_ip_on_launch": "true",
                            "tags.%": "1",
                            "tags.Name": "wordpress-production-public-eu-west-1a",
                            "vpc_id": "vpc-988ecffc"
                        },
                        "meta": {},
                        "tainted": false
                    },
                    "deposed": [],
                    "provider": ""
                },
                "aws_vpc.vpc": {
                    "type": "aws_vpc",
                    "depends_on": [],
                    "primary": {
                        "id": "vpc-988ecffc",
                        "attributes": {
                            "cidr_block": "172.16.0.0/16",
                            "default_network_acl_id": "acl-955863f1",
                            "default_route_table_id": "rtb-03b3a467",
                            "default_security_group_id": "sg-f3038d95",
                            "dhcp_options_id": "dopt-7b23ee1f",
                            "enable_classiclink": "false",
                            "enable_dns_hostnames": "true",
                            "enable_dns_support": "true",
                            "id": "vpc-988ecffc",
                            "instance_tenancy": "default",
                            "main_route_table_id": "rtb-03b3a467",
                            "tags.%": "2",
                            "tags.Name": "wordpress-production-vpc",
                            "tags.environment": "production"
                        },
                        "meta": {},
                        "tainted": false
                    },
                    "deposed": [],
                    "provider": ""
                }
            },
            "depends_on": []
        }
    ]
}
