{
    "version": 3,
    "terraform_version": "0.7.13",
    "serial": 25,
    "lineage": "7b692a7f-da90-4df8-96ea-f17b09120a22",
    "modules": [
        {
            "path": [
                "root"
            ],
            "outputs": {
                "address": {
                    "sensitive": false,
                    "type": "string",
                    "value": "elb-48993494.eu-west-1.elb.amazonaws.com"
                },
                "ip": {
                    "sensitive": false,
                    "type": "string",
                    "value": "52.210.7.237,52.213.101.85"
                },
                "public_subnets_id": {
                    "sensitive": false,
                    "type": "string",
                    "value": "subnet-bd2574cb"
                },
                "vpc_id": {
                    "sensitive": false,
                    "type": "string",
                    "value": "vpc-d2edacb6"
                }
            },
            "resources": {
                "aws_elb.devopsae": {
                    "type": "aws_elb",
                    "depends_on": [
                        "aws_instance.devopsae",
                        "aws_security_group.elb",
                        "module.vpc_subnets"
                    ],
                    "primary": {
                        "id": "elb",
                        "attributes": {
                            "access_logs.#": "0",
                            "availability_zones.#": "1",
                            "availability_zones.3953592328": "eu-west-1a",
                            "connection_draining": "false",
                            "connection_draining_timeout": "300",
                            "cross_zone_load_balancing": "true",
                            "dns_name": "elb-48993494.eu-west-1.elb.amazonaws.com",
                            "health_check.#": "1",
                            "health_check.0.healthy_threshold": "10",
                            "health_check.0.interval": "30",
                            "health_check.0.target": "TCP:80",
                            "health_check.0.timeout": "5",
                            "health_check.0.unhealthy_threshold": "2",
                            "id": "elb",
                            "idle_timeout": "60",
                            "instances.#": "2",
                            "instances.1831525988": "i-ad70ab6d",
                            "instances.4024934405": "i-a677ac66",
                            "internal": "false",
                            "listener.#": "1",
                            "listener.3057123346.instance_port": "80",
                            "listener.3057123346.instance_protocol": "http",
                            "listener.3057123346.lb_port": "80",
                            "listener.3057123346.lb_protocol": "http",
                            "listener.3057123346.ssl_certificate_id": "",
                            "name": "elb",
                            "security_groups.#": "1",
                            "security_groups.2500849919": "sg-ea5dd48c",
                            "source_security_group": "893506469407/elb_for_wordpress",
                            "source_security_group_id": "sg-ea5dd48c",
                            "subnets.#": "1",
                            "subnets.3269144401": "subnet-bd2574cb",
                            "tags.%": "0",
                            "zone_id": "Z32O12XQLNTSW2"
                        },
                        "meta": {},
                        "tainted": false
                    },
                    "deposed": [],
                    "provider": ""
                },
                "aws_instance.devopsae.0": {
                    "type": "aws_instance",
                    "depends_on": [
                        "aws_key_pair.auth",
                        "module.nginx_sg",
                        "module.ssh_sg",
                        "module.vpc_subnets"
                    ],
                    "primary": {
                        "id": "i-ad70ab6d",
                        "attributes": {
                            "ami": "ami-ac772edf",
                            "associate_public_ip_address": "true",
                            "availability_zone": "eu-west-1a",
                            "disable_api_termination": "false",
                            "ebs_block_device.#": "0",
                            "ebs_optimized": "false",
                            "ephemeral_block_device.#": "0",
                            "iam_instance_profile": "",
                            "id": "i-ad70ab6d",
                            "instance_state": "running",
                            "instance_type": "t2.micro",
                            "key_name": "devopskyes",
                            "monitoring": "false",
                            "network_interface_id": "eni-8b8973c5",
                            "private_dns": "ip-172-16-10-250.eu-west-1.compute.internal",
                            "private_ip": "172.16.10.250",
                            "public_dns": "ec2-52-210-7-237.eu-west-1.compute.amazonaws.com",
                            "public_ip": "52.210.7.237",
                            "root_block_device.#": "1",
                            "root_block_device.0.delete_on_termination": "true",
                            "root_block_device.0.iops": "0",
                            "root_block_device.0.volume_size": "8",
                            "root_block_device.0.volume_type": "standard",
                            "security_groups.#": "0",
                            "source_dest_check": "true",
                            "subnet_id": "subnet-bd2574cb",
                            "tags.%": "1",
                            "tags.Name": "devopsae-0",
                            "tenancy": "default",
                            "vpc_security_group_ids.#": "2",
                            "vpc_security_group_ids.3391224238": "sg-e85dd48e",
                            "vpc_security_group_ids.981696449": "sg-eb5dd48d"
                        },
                        "meta": {
                            "schema_version": "1"
                        },
                        "tainted": false
                    },
                    "deposed": [],
                    "provider": ""
                },
                "aws_instance.devopsae.1": {
                    "type": "aws_instance",
                    "depends_on": [
                        "aws_key_pair.auth",
                        "module.nginx_sg",
                        "module.ssh_sg",
                        "module.vpc_subnets"
                    ],
                    "primary": {
                        "id": "i-a677ac66",
                        "attributes": {
                            "ami": "ami-ac772edf",
                            "associate_public_ip_address": "true",
                            "availability_zone": "eu-west-1a",
                            "disable_api_termination": "false",
                            "ebs_block_device.#": "0",
                            "ebs_optimized": "false",
                            "ephemeral_block_device.#": "0",
                            "iam_instance_profile": "",
                            "id": "i-a677ac66",
                            "instance_state": "running",
                            "instance_type": "t2.micro",
                            "key_name": "devopskyes",
                            "monitoring": "false",
                            "network_interface_id": "eni-39827877",
                            "private_dns": "ip-172-16-10-23.eu-west-1.compute.internal",
                            "private_ip": "172.16.10.23",
                            "public_dns": "ec2-52-213-101-85.eu-west-1.compute.amazonaws.com",
                            "public_ip": "52.213.101.85",
                            "root_block_device.#": "1",
                            "root_block_device.0.delete_on_termination": "true",
                            "root_block_device.0.iops": "0",
                            "root_block_device.0.volume_size": "8",
                            "root_block_device.0.volume_type": "standard",
                            "security_groups.#": "0",
                            "source_dest_check": "true",
                            "subnet_id": "subnet-bd2574cb",
                            "tags.%": "1",
                            "tags.Name": "devopsae-1",
                            "tenancy": "default",
                            "vpc_security_group_ids.#": "2",
                            "vpc_security_group_ids.3391224238": "sg-e85dd48e",
                            "vpc_security_group_ids.981696449": "sg-eb5dd48d"
                        },
                        "meta": {
                            "schema_version": "1"
                        },
                        "tainted": false
                    },
                    "deposed": [],
                    "provider": ""
                },
                "aws_key_pair.auth": {
                    "type": "aws_key_pair",
                    "depends_on": [],
                    "primary": {
                        "id": "devopskyes",
                        "attributes": {
                            "id": "devopskyes",
                            "key_name": "devopskyes",
                            "public_key": "ssh-rsa AAAAB3NzaC1yc2EAAAADAQABAAABAQDKOeCPm/50hSJ/FGQSVOcCTY4Pb4bdkHaVPCW9/R7VGoN+NYg39w7WD9etspFtFMgwgajX3JvsBF72NJJ3GgrSHuiIeglQ8T1Ho879iWTUtw73Z9bOu5dXzcczRBRNLhI+pKR9MaLNSnerkfd2bLlTd+S/vRVEis0WKZOCtSFuCVmuX9uX9zrKSnJXzlHYkoBLXsVwUeGdjByyFZ3IPQi6hkeiGtlIz+at/mtN4APlq6OCWExgU+8pTVp8HbdLuSWnjcGTJNHZr1OqPI9aGPnVJ+XuXcCqbhXCaQ2C9AhwekbNlzHWNAol07uRGqo7UN+mAcwIM5wB22Mow248jooZ root@localhost.localdomain"
                        },
                        "meta": {
                            "schema_version": "1"
                        },
                        "tainted": false
                    },
                    "deposed": [],
                    "provider": ""
                },
                "aws_security_group.elb": {
                    "type": "aws_security_group",
                    "depends_on": [
                        "module.vpc_subnets"
                    ],
                    "primary": {
                        "id": "sg-ea5dd48c",
                        "attributes": {
                            "description": "Wordpress Cluster ELB",
                            "egress.#": "1",
                            "egress.482069346.cidr_blocks.#": "1",
                            "egress.482069346.cidr_blocks.0": "0.0.0.0/0",
                            "egress.482069346.from_port": "0",
                            "egress.482069346.prefix_list_ids.#": "0",
                            "egress.482069346.protocol": "-1",
                            "egress.482069346.security_groups.#": "0",
                            "egress.482069346.self": "false",
                            "egress.482069346.to_port": "0",
                            "id": "sg-ea5dd48c",
                            "ingress.#": "1",
                            "ingress.2214680975.cidr_blocks.#": "1",
                            "ingress.2214680975.cidr_blocks.0": "0.0.0.0/0",
                            "ingress.2214680975.from_port": "80",
                            "ingress.2214680975.protocol": "tcp",
                            "ingress.2214680975.security_groups.#": "0",
                            "ingress.2214680975.self": "false",
                            "ingress.2214680975.to_port": "80",
                            "name": "elb_for_wordpress",
                            "owner_id": "893506469407",
                            "tags.%": "0",
                            "vpc_id": "vpc-d2edacb6"
                        },
                        "meta": {},
                        "tainted": false
                    },
                    "deposed": [],
                    "provider": ""
                }
            },
            "depends_on": []
        },
        {
            "path": [
                "root",
                "nginx_sg"
            ],
            "outputs": {
                "nginx_sg_id": {
                    "sensitive": false,
                    "type": "string",
                    "value": "sg-e85dd48e"
                }
            },
            "resources": {
                "aws_security_group.nginx_sg": {
                    "type": "aws_security_group",
                    "depends_on": [],
                    "primary": {
                        "id": "sg-e85dd48e",
                        "attributes": {
                            "description": "Security Group test-nginx-sg-test",
                            "egress.#": "1",
                            "egress.482069346.cidr_blocks.#": "1",
                            "egress.482069346.cidr_blocks.0": "0.0.0.0/0",
                            "egress.482069346.from_port": "0",
                            "egress.482069346.prefix_list_ids.#": "0",
                            "egress.482069346.protocol": "-1",
                            "egress.482069346.security_groups.#": "0",
                            "egress.482069346.self": "false",
                            "egress.482069346.to_port": "0",
                            "id": "sg-e85dd48e",
                            "ingress.#": "3",
                            "ingress.2214680975.cidr_blocks.#": "1",
                            "ingress.2214680975.cidr_blocks.0": "0.0.0.0/0",
                            "ingress.2214680975.from_port": "80",
                            "ingress.2214680975.protocol": "tcp",
                            "ingress.2214680975.security_groups.#": "0",
                            "ingress.2214680975.self": "false",
                            "ingress.2214680975.to_port": "80",
                            "ingress.2617001939.cidr_blocks.#": "1",
                            "ingress.2617001939.cidr_blocks.0": "0.0.0.0/0",
                            "ingress.2617001939.from_port": "443",
                            "ingress.2617001939.protocol": "tcp",
                            "ingress.2617001939.security_groups.#": "0",
                            "ingress.2617001939.self": "false",
                            "ingress.2617001939.to_port": "443",
                            "ingress.753360330.cidr_blocks.#": "0",
                            "ingress.753360330.from_port": "0",
                            "ingress.753360330.protocol": "-1",
                            "ingress.753360330.security_groups.#": "0",
                            "ingress.753360330.self": "true",
                            "ingress.753360330.to_port": "0",
                            "name": "test-nginx-sg-test-nginx",
                            "owner_id": "893506469407",
                            "tags.%": "2",
                            "tags.Name": "test-nginx-sg-test-web",
                            "tags.environment": "test",
                            "vpc_id": "vpc-d2edacb6"
                        },
                        "meta": {},
                        "tainted": false
                    },
                    "deposed": [],
                    "provider": ""
                }
            },
            "depends_on": []
        },
        {
            "path": [
                "root",
                "ssh_sg"
            ],
            "outputs": {
                "ssh_sg_id": {
                    "sensitive": false,
                    "type": "string",
                    "value": "sg-eb5dd48d"
                }
            },
            "resources": {
                "aws_security_group.ssh_sg": {
                    "type": "aws_security_group",
                    "depends_on": [],
                    "primary": {
                        "id": "sg-eb5dd48d",
                        "attributes": {
                            "description": "Security Group test-dev",
                            "egress.#": "1",
                            "egress.482069346.cidr_blocks.#": "1",
                            "egress.482069346.cidr_blocks.0": "0.0.0.0/0",
                            "egress.482069346.from_port": "0",
                            "egress.482069346.prefix_list_ids.#": "0",
                            "egress.482069346.protocol": "-1",
                            "egress.482069346.security_groups.#": "0",
                            "egress.482069346.self": "false",
                            "egress.482069346.to_port": "0",
                            "id": "sg-eb5dd48d",
                            "ingress.#": "2",
                            "ingress.2541437006.cidr_blocks.#": "1",
                            "ingress.2541437006.cidr_blocks.0": "0.0.0.0/0",
                            "ingress.2541437006.from_port": "22",
                            "ingress.2541437006.protocol": "tcp",
                            "ingress.2541437006.security_groups.#": "0",
                            "ingress.2541437006.self": "false",
                            "ingress.2541437006.to_port": "22",
                            "ingress.753360330.cidr_blocks.#": "0",
                            "ingress.753360330.from_port": "0",
                            "ingress.753360330.protocol": "-1",
                            "ingress.753360330.security_groups.#": "0",
                            "ingress.753360330.self": "true",
                            "ingress.753360330.to_port": "0",
                            "name": "test-dev-ssh",
                            "owner_id": "893506469407",
                            "tags.%": "2",
                            "tags.Name": "test-dev-ssh",
                            "tags.environment": "dev",
                            "vpc_id": "vpc-d2edacb6"
                        },
                        "meta": {},
                        "tainted": false
                    },
                    "deposed": [],
                    "provider": ""
                }
            },
            "depends_on": []
        },
        {
            "path": [
                "root",
                "vpc_subnets"
            ],
            "outputs": {
                "private_subnets_id": {
                    "sensitive": false,
                    "type": "string",
                    "value": "subnet-bc2574ca"
                },
                "public_subnets_id": {
                    "sensitive": false,
                    "type": "string",
                    "value": "subnet-bd2574cb"
                },
                "vpc_id": {
                    "sensitive": false,
                    "type": "string",
                    "value": "vpc-d2edacb6"
                }
            },
            "resources": {
                "aws_internet_gateway.igw": {
                    "type": "aws_internet_gateway",
                    "depends_on": [
                        "aws_vpc.vpc"
                    ],
                    "primary": {
                        "id": "igw-16814772",
                        "attributes": {
                            "id": "igw-16814772",
                            "tags.%": "1",
                            "tags.Name": "test-dev-igw",
                            "vpc_id": "vpc-d2edacb6"
                        },
                        "meta": {},
                        "tainted": false
                    },
                    "deposed": [],
                    "provider": ""
                },
                "aws_route_table.private": {
                    "type": "aws_route_table",
                    "depends_on": [
                        "aws_vpc.vpc"
                    ],
                    "primary": {
                        "id": "rtb-47011723",
                        "attributes": {
                            "id": "rtb-47011723",
                            "propagating_vgws.#": "0",
                            "route.#": "0",
                            "tags.%": "1",
                            "tags.Name": "test-private",
                            "vpc_id": "vpc-d2edacb6"
                        },
                        "meta": {},
                        "tainted": false
                    },
                    "deposed": [],
                    "provider": ""
                },
                "aws_route_table.public": {
                    "type": "aws_route_table",
                    "depends_on": [
                        "aws_internet_gateway.igw",
                        "aws_vpc.vpc"
                    ],
                    "primary": {
                        "id": "rtb-43011727",
                        "attributes": {
                            "id": "rtb-43011727",
                            "propagating_vgws.#": "0",
                            "route.#": "1",
                            "route.3947198752.cidr_block": "0.0.0.0/0",
                            "route.3947198752.gateway_id": "igw-16814772",
                            "route.3947198752.instance_id": "",
                            "route.3947198752.nat_gateway_id": "",
                            "route.3947198752.network_interface_id": "",
                            "route.3947198752.vpc_peering_connection_id": "",
                            "tags.%": "1",
                            "tags.Name": "test-public",
                            "vpc_id": "vpc-d2edacb6"
                        },
                        "meta": {},
                        "tainted": false
                    },
                    "deposed": [],
                    "provider": ""
                },
                "aws_route_table_association.private": {
                    "type": "aws_route_table_association",
                    "depends_on": [
                        "aws_route_table.private",
                        "aws_subnet.private"
                    ],
                    "primary": {
                        "id": "rtbassoc-685b230f",
                        "attributes": {
                            "id": "rtbassoc-685b230f",
                            "route_table_id": "rtb-47011723",
                            "subnet_id": "subnet-bc2574ca"
                        },
                        "meta": {},
                        "tainted": false
                    },
                    "deposed": [],
                    "provider": ""
                },
                "aws_route_table_association.public": {
                    "type": "aws_route_table_association",
                    "depends_on": [
                        "aws_route_table.public",
                        "aws_subnet.public"
                    ],
                    "primary": {
                        "id": "rtbassoc-725b2315",
                        "attributes": {
                            "id": "rtbassoc-725b2315",
                            "route_table_id": "rtb-43011727",
                            "subnet_id": "subnet-bd2574cb"
                        },
                        "meta": {},
                        "tainted": false
                    },
                    "deposed": [],
                    "provider": ""
                },
                "aws_subnet.private": {
                    "type": "aws_subnet",
                    "depends_on": [
                        "aws_vpc.vpc"
                    ],
                    "primary": {
                        "id": "subnet-bc2574ca",
                        "attributes": {
                            "availability_zone": "eu-west-1a",
                            "cidr_block": "172.16.20.0/24",
                            "id": "subnet-bc2574ca",
                            "map_public_ip_on_launch": "false",
                            "tags.%": "1",
                            "tags.Name": "test-dev-private-eu-west-1a",
                            "vpc_id": "vpc-d2edacb6"
                        },
                        "meta": {},
                        "tainted": false
                    },
                    "deposed": [],
                    "provider": ""
                },
                "aws_subnet.public": {
                    "type": "aws_subnet",
                    "depends_on": [
                        "aws_vpc.vpc"
                    ],
                    "primary": {
                        "id": "subnet-bd2574cb",
                        "attributes": {
                            "availability_zone": "eu-west-1a",
                            "cidr_block": "172.16.10.0/24",
                            "id": "subnet-bd2574cb",
                            "map_public_ip_on_launch": "true",
                            "tags.%": "1",
                            "tags.Name": "test-dev-public-eu-west-1a",
                            "vpc_id": "vpc-d2edacb6"
                        },
                        "meta": {},
                        "tainted": false
                    },
                    "deposed": [],
                    "provider": ""
                },
                "aws_vpc.vpc": {
                    "type": "aws_vpc",
                    "depends_on": [],
                    "primary": {
                        "id": "vpc-d2edacb6",
                        "attributes": {
                            "cidr_block": "172.16.0.0/16",
                            "default_network_acl_id": "acl-2fe9d24b",
                            "default_route_table_id": "rtb-7801171c",
                            "default_security_group_id": "sg-e45dd482",
                            "dhcp_options_id": "dopt-7b23ee1f",
                            "enable_classiclink": "false",
                            "enable_dns_hostnames": "true",
                            "enable_dns_support": "true",
                            "id": "vpc-d2edacb6",
                            "instance_tenancy": "default",
                            "main_route_table_id": "rtb-7801171c",
                            "tags.%": "2",
                            "tags.Name": "test-dev-vpc",
                            "tags.environment": "dev"
                        },
                        "meta": {},
                        "tainted": false
                    },
                    "deposed": [],
                    "provider": ""
                }
            },
            "depends_on": []
        }
    ]
}
